
Microsoft Visual Studio Solution File, Format Version 12.00
# Visual Studio Version 16
VisualStudioVersion = 16.0.30011.22
MinimumVisualStudioVersion = 10.0.40219.1
Project("{FAE04EC0-301F-11D3-BF4B-00C04F79EFBC}") = "Intelutions.Data", "Intelutions.Data\Intelutions.Data.csproj", "{60BDC797-6F6F-488E-A861-6379DE6D0AA5}"
EndProject
Project("{FAE04EC0-301F-11D3-BF4B-00C04F79EFBC}") = "Intelutions.Entities", "Intelutions.Entities\Intelutions.Entities.csproj", "{2ECAA556-41E8-451B-A4F2-0C1E3D1E6DBF}"
EndProject
Project("{FAE04EC0-301F-11D3-BF4B-00C04F79EFBC}") = "Intelutions.Web", "Intelutions.Web\Intelutions.Web.csproj", "{F74D4648-232E-4B9A-B40D-DA4F241A5C8C}"
EndProject
Global
	GlobalSection(SolutionConfigurationPlatforms) = preSolution
		Debug|Any CPU = Debug|Any CPU
		Release|Any CPU = Release|Any CPU
	EndGlobalSection
	GlobalSection(ProjectConfigurationPlatforms) = postSolution
		{60BDC797-6F6F-488E-A861-6379DE6D0AA5}.Debug|Any CPU.ActiveCfg = Debug|Any CPU
		{60BDC797-6F6F-488E-A861-6379DE6D0AA5}.Debug|Any CPU.Build.0 = Debug|Any CPU
		{60BDC797-6F6F-488E-A861-6379DE6D0AA5}.Release|Any CPU.ActiveCfg = Release|Any CPU
		{60BDC797-6F6F-488E-A861-6379DE6D0AA5}.Release|Any CPU.Build.0 = Release|Any CPU
		{2ECAA556-41E8-451B-A4F2-0C1E3D1E6DBF}.Debug|Any CPU.ActiveCfg = Debug|Any CPU
		{2ECAA556-41E8-451B-A4F2-0C1E3D1E6DBF}.Debug|Any CPU.Build.0 = Debug|Any CPU
		{2ECAA556-41E8-451B-A4F2-0C1E3D1E6DBF}.Release|Any CPU.ActiveCfg = Release|Any CPU
		{2ECAA556-41E8-451B-A4F2-0C1E3D1E6DBF}.Release|Any CPU.Build.0 = Release|Any CPU
		{F74D4648-232E-4B9A-B40D-DA4F241A5C8C}.Debug|Any CPU.ActiveCfg = Debug|Any CPU
		{F74D4648-232E-4B9A-B40D-DA4F241A5C8C}.Debug|Any CPU.Build.0 = Debug|Any CPU
		{F74D4648-232E-4B9A-B40D-DA4F241A5C8C}.Release|Any CPU.ActiveCfg = Release|Any CPU
		{F74D4648-232E-4B9A-B40D-DA4F241A5C8C}.Release|Any CPU.Build.0 = Release|Any CPU
	EndGlobalSection
	GlobalSection(SolutionProperties) = preSolution
		HideSolutionNode = FALSE
	EndGlobalSection
	GlobalSection(ExtensibilityGlobals) = postSolution
		SolutionGuid = {6A90D20A-3884-46FC-9E66-5323ECCD25A9}
	EndGlobalSection
EndGlobal
